
Microsoft Visual Studio Solution File, Format Version 12.00
# Visual Studio 2013
VisualStudioVersion = 12.0.30723.0
MinimumVisualStudioVersion = 10.0.40219.1
Project("{8BC9CEB8-8B4A-11D0-8D11-00A0C91BC942}") = "ZPEngine", "ZPEngine\ZPEngine.vcxproj", "{027832DE-9767-4A7F-AB1C-573F44AF840B}"
EndProject
Project("{8BC9CEB8-8B4A-11D0-8D11-00A0C91BC942}") = "ZAudio", "ZAudio\ZAudio.vcxproj", "{E97CA16E-7E1B-45EC-8597-8230109AE7DF}"
EndProject
Project("{8BC9CEB8-8B4A-11D0-8D11-00A0C91BC942}") = "Sqlite3", "Sqlite3\sqlite3.vcxproj", "{EAB36D2A-545F-4667-A7D5-B8308AD7598B}"
EndProject
Project("{8BC9CEB8-8B4A-11D0-8D11-00A0C91BC942}") = "DuiLib", "..\ThirdParty\include\DuiLib\DuiLib.vcxproj", "{E106ACD7-4E53-4AEE-942B-D0DD426DB34E}"
EndProject
Project("{8BC9CEB8-8B4A-11D0-8D11-00A0C91BC942}") = "ZPlayer", "ZPlayer\ZPlayer.vcxproj", "{D3AAE2C0-DCE3-4FCF-A927-5A3A138EFD3B}"
EndProject
Project("{8BC9CEB8-8B4A-11D0-8D11-00A0C91BC942}") = "Veda", "..\Veda\Veda.vcxproj", "{7453C56A-8C93-46D4-868A-B6581AC38DEC}"
EndProject
Global
	GlobalSection(SolutionConfigurationPlatforms) = preSolution
		Debug|x64 = Debug|x64
		Release|x64 = Release|x64
	EndGlobalSection
	GlobalSection(ProjectConfigurationPlatforms) = postSolution
		{027832DE-9767-4A7F-AB1C-573F44AF840B}.Debug|x64.ActiveCfg = Debug|x64
		{027832DE-9767-4A7F-AB1C-573F44AF840B}.Debug|x64.Build.0 = Debug|x64
		{027832DE-9767-4A7F-AB1C-573F44AF840B}.Release|x64.ActiveCfg = Release|x64
		{027832DE-9767-4A7F-AB1C-573F44AF840B}.Release|x64.Build.0 = Release|x64
		{E97CA16E-7E1B-45EC-8597-8230109AE7DF}.Debug|x64.ActiveCfg = Debug|x64
		{E97CA16E-7E1B-45EC-8597-8230109AE7DF}.Debug|x64.Build.0 = Debug|x64
		{E97CA16E-7E1B-45EC-8597-8230109AE7DF}.Release|x64.ActiveCfg = Release|x64
		{E97CA16E-7E1B-45EC-8597-8230109AE7DF}.Release|x64.Build.0 = Release|x64
		{EAB36D2A-545F-4667-A7D5-B8308AD7598B}.Debug|x64.ActiveCfg = Debug|x64
		{EAB36D2A-545F-4667-A7D5-B8308AD7598B}.Debug|x64.Build.0 = Debug|x64
		{EAB36D2A-545F-4667-A7D5-B8308AD7598B}.Release|x64.ActiveCfg = Release|x64
		{EAB36D2A-545F-4667-A7D5-B8308AD7598B}.Release|x64.Build.0 = Release|x64
		{E106ACD7-4E53-4AEE-942B-D0DD426DB34E}.Debug|x64.ActiveCfg = Debug|x64
		{E106ACD7-4E53-4AEE-942B-D0DD426DB34E}.Debug|x64.Build.0 = Debug|x64
		{E106ACD7-4E53-4AEE-942B-D0DD426DB34E}.Release|x64.ActiveCfg = Release|x64
		{E106ACD7-4E53-4AEE-942B-D0DD426DB34E}.Release|x64.Build.0 = Release|x64
		{D3AAE2C0-DCE3-4FCF-A927-5A3A138EFD3B}.Debug|x64.ActiveCfg = Debug|x64
		{D3AAE2C0-DCE3-4FCF-A927-5A3A138EFD3B}.Debug|x64.Build.0 = Debug|x64
		{D3AAE2C0-DCE3-4FCF-A927-5A3A138EFD3B}.Release|x64.ActiveCfg = Release|x64
		{D3AAE2C0-DCE3-4FCF-A927-5A3A138EFD3B}.Release|x64.Build.0 = Release|x64
		{7453C56A-8C93-46D4-868A-B6581AC38DEC}.Debug|x64.ActiveCfg = Debug|x64
		{7453C56A-8C93-46D4-868A-B6581AC38DEC}.Debug|x64.Build.0 = Debug|x64
		{7453C56A-8C93-46D4-868A-B6581AC38DEC}.Release|x64.ActiveCfg = Release|x64
		{7453C56A-8C93-46D4-868A-B6581AC38DEC}.Release|x64.Build.0 = Release|x64
	EndGlobalSection
	GlobalSection(SolutionProperties) = preSolution
		HideSolutionNode = FALSE
	EndGlobalSection
EndGlobal
