<?xml version="1.0" encoding="utf-8"?>
<Project ToolsVersion="4.0" xmlns="http://schemas.microsoft.com/developer/msbuild/2003">
  <ItemGroup>
    <Filter Include="Source Files">
      <UniqueIdentifier>{4FC737F1-C7A5-4376-A066-2A32D752A2FF}</UniqueIdentifier>
      <Extensions>cpp;c;cc;cxx;def;odl;idl;hpj;bat;asm;asmx</Extensions>
    </Filter>
    <Filter Include="Header Files">
      <UniqueIdentifier>{93995380-89BD-4b04-88EB-625FBE52EBFB}</UniqueIdentifier>
      <Extensions>h;hh;hpp;hxx;hm;inl;inc;xsd</Extensions>
    </Filter>
    <Filter Include="Resource Files">
      <UniqueIdentifier>{67DA6AB6-F800-4c08-8B7A-83BB121AAD01}</UniqueIdentifier>
      <Extensions>rc;ico;cur;bmp;dlg;rc2;rct;bin;rgs;gif;jpg;jpeg;jpe;resx;tiff;tif;png;wav;mfcribbon-ms</Extensions>
    </Filter>
    <Filter Include="File">
      <UniqueIdentifier>{b13c85dd-a39b-4dbb-892e-a84413d4c314}</UniqueIdentifier>
    </Filter>
    <Filter Include="Common">
      <UniqueIdentifier>{c0cb237e-5ece-4780-baab-f6f4f41a01b1}</UniqueIdentifier>
    </Filter>
    <Filter Include="Datetime">
      <UniqueIdentifier>{fb66852b-e568-4940-afa2-bfa5fc9f2599}</UniqueIdentifier>
    </Filter>
    <Filter Include="String">
      <UniqueIdentifier>{a008caba-9b48-48eb-b50d-bad2f9d724a1}</UniqueIdentifier>
    </Filter>
    <Filter Include="Network">
      <UniqueIdentifier>{3c7a427e-7877-4a58-8190-07453b5f82fe}</UniqueIdentifier>
    </Filter>
  </ItemGroup>
  <ItemGroup>
    <Text Include="ReadMe.txt" />
  </ItemGroup>
  <ItemGroup>
    <ClInclude Include="stdafx.h">
      <Filter>Header Files</Filter>
    </ClInclude>
    <ClInclude Include="targetver.h">
      <Filter>Header Files</Filter>
    </ClInclude>
    <ClInclude Include="File.h">
      <Filter>File</Filter>
    </ClInclude>
    <ClInclude Include="ReadOnlyIterator.h">
      <Filter>Common</Filter>
    </ClInclude>
    <ClInclude Include="Directory.h">
      <Filter>File</Filter>
    </ClInclude>
    <ClInclude Include="PathUtil.h">
      <Filter>File</Filter>
    </ClInclude>
    <ClInclude Include="Datetime.h">
      <Filter>Datetime</Filter>
    </ClInclude>
    <ClInclude Include="DateFormat.h">
      <Filter>Datetime</Filter>
    </ClInclude>
    <ClInclude Include="BufferedFileReader.h">
      <Filter>File</Filter>
    </ClInclude>
    <ClInclude Include="FileBase.h">
      <Filter>File</Filter>
    </ClInclude>
    <ClInclude Include="FileReader.h">
      <Filter>File</Filter>
    </ClInclude>
    <ClInclude Include="FileWriter.h">
      <Filter>File</Filter>
    </ClInclude>
    <ClInclude Include="StreamFileReader.h">
      <Filter>File</Filter>
    </ClInclude>
    <ClInclude Include="StringTraits.h">
      <Filter>String</Filter>
    </ClInclude>
    <ClInclude Include="BasicString.h">
      <Filter>String</Filter>
    </ClInclude>
    <ClInclude Include="ZString.h">
      <Filter>String</Filter>
    </ClInclude>
    <ClInclude Include="WinSocket.h">
      <Filter>Network</Filter>
    </ClInclude>
    <ClInclude Include="NetException.h">
      <Filter>Network</Filter>
    </ClInclude>
    <ClInclude Include="BaseException.h">
      <Filter>Common</Filter>
    </ClInclude>
    <ClInclude Include="Socket.h">
      <Filter>Network</Filter>
    </ClInclude>
    <ClInclude Include="IPAddress.h">
      <Filter>Network</Filter>
    </ClInclude>
    <ClInclude Include="IPEndPoint.h">
      <Filter>Network</Filter>
    </ClInclude>
    <ClInclude Include="veda.h">
      <Filter>Common</Filter>
    </ClInclude>
    <ClInclude Include="FileUtil.h">
      <Filter>File</Filter>
    </ClInclude>
  </ItemGroup>
  <ItemGroup>
    <ClCompile Include="stdafx.cpp">
      <Filter>Source Files</Filter>
    </ClCompile>
    <ClCompile Include="Directory.cpp">
      <Filter>File</Filter>
    </ClCompile>
    <ClCompile Include="PathUtil.cpp">
      <Filter>File</Filter>
    </ClCompile>
    <ClCompile Include="Datetime.cpp">
      <Filter>Datetime</Filter>
    </ClCompile>
    <ClCompile Include="DateFormat.cpp">
      <Filter>Datetime</Filter>
    </ClCompile>
    <ClCompile Include="StringTraits.cpp">
      <Filter>String</Filter>
    </ClCompile>
    <ClCompile Include="WinSocket.cpp">
      <Filter>Network</Filter>
    </ClCompile>
    <ClCompile Include="Socket.cpp">
      <Filter>Network</Filter>
    </ClCompile>
    <ClCompile Include="IPAddress.cpp">
      <Filter>Network</Filter>
    </ClCompile>
    <ClCompile Include="IPEndPoint.cpp">
      <Filter>Network</Filter>
    </ClCompile>
    <ClCompile Include="FileReader.cpp">
      <Filter>File</Filter>
    </ClCompile>
    <ClCompile Include="FileUtil.cpp">
      <Filter>File</Filter>
    </ClCompile>
  </ItemGroup>
</Project>